
Microsoft Visual Studio Solution File, Format Version 12.00
# Visual Studio Version 17
VisualStudioVersion = 17.11.35219.272
MinimumVisualStudioVersion = 10.0.40219.1
Project("{FAE04EC0-301F-11D3-BF4B-00C04F79EFBC}") = "Standart", "Standart.csproj", "{CF91047B-AB6D-4E23-8C00-86191D39DEE4}"
EndProject
Global
	GlobalSection(SolutionConfigurationPlatforms) = preSolution
		Debug|Any CPU = Debug|Any CPU
		Release|Any CPU = Release|Any CPU
	EndGlobalSection
	GlobalSection(ProjectConfigurationPlatforms) = postSolution
		{CF91047B-AB6D-4E23-8C00-86191D39DEE4}.Debug|Any CPU.ActiveCfg = Debug|Any CPU
		{CF91047B-AB6D-4E23-8C00-86191D39DEE4}.Debug|Any CPU.Build.0 = Debug|Any CPU
		{CF91047B-AB6D-4E23-8C00-86191D39DEE4}.Release|Any CPU.ActiveCfg = Release|Any CPU
		{CF91047B-AB6D-4E23-8C00-86191D39DEE4}.Release|Any CPU.Build.0 = Release|Any CPU
	EndGlobalSection
	GlobalSection(SolutionProperties) = preSolution
		HideSolutionNode = FALSE
	EndGlobalSection
	GlobalSection(ExtensibilityGlobals) = postSolution
		SolutionGuid = {BF9397CF-C17A-45B7-B8BF-9A7057548100}
	EndGlobalSection
EndGlobal
